{
  "name": "golden-age-account-recovery-tool",
  "version": "1.0.0",
  "lockfileVersion": 3,
  "requires": true,
  "packages": {
    "": {
      "name": "golden-age-account-recovery-tool",
      "version": "1.0.0",
      "license": "ISC",
      "dependencies": {
        "quais": "^1.0.0-alpha.17"
      }
    },
    "node_modules/@bitcoinerlab/secp256k1": {
      "version": "1.1.1",
      "resolved": "https://registry.npmjs.org/@bitcoinerlab/secp256k1/-/secp256k1-1.1.1.tgz",
      "integrity": "sha512-uhjW51WfVLpnHN7+G0saDcM/k9IqcyTbZ+bDgLF3AX8V/a3KXSE9vn7UPBrcdU72tp0J4YPR7BHp2m7MLAZ/1Q==",
      "license": "MIT",
      "dependencies": {
        "@noble/hashes": "^1.1.5",
        "@noble/secp256k1": "^1.7.1"
      }
    },
    "node_modules/@brandonblack/musig": {
      "version": "0.0.1-alpha.1",
      "resolved": "https://registry.npmjs.org/@brandonblack/musig/-/musig-0.0.1-alpha.1.tgz",
      "integrity": "sha512-00RbByQG85lSzrkDjCblzrUc2n1LJAPPrEMHS4oMg+QckE0kzjd26JytT6yx6tNU2+aOXfK7O4kGW/sKVL67cw==",
      "license": "MIT"
    },
    "node_modules/@noble/curves": {
      "version": "1.2.0",
      "resolved": "https://registry.npmjs.org/@noble/curves/-/curves-1.2.0.tgz",
      "integrity": "sha512-oYclrNgRaM9SsBUBVbb8M6DTV7ZHRTKugureoYEncY5c65HOmRzvSiTE3y5CYaPYJA/GVkrhXEoF0M3Ya9PMnw==",
      "license": "MIT",
      "dependencies": {
        "@noble/hashes": "1.3.2"
      },
      "funding": {
        "url": "https://paulmillr.com/funding/"
      }
    },
    "node_modules/@noble/hashes": {
      "version": "1.3.2",
      "resolved": "https://registry.npmjs.org/@noble/hashes/-/hashes-1.3.2.tgz",
      "integrity": "sha512-MVC8EAQp7MvEcm30KWENFjgR+Mkmf+D189XJTkFIlwohU5hcBbn1ZkKq7KVTi2Hme3PMGF390DaL52beVrIihQ==",
      "license": "MIT",
      "engines": {
        "node": ">= 16"
      },
      "funding": {
        "url": "https://paulmillr.com/funding/"
      }
    },
    "node_modules/@noble/secp256k1": {
      "version": "1.7.1",
      "resolved": "https://registry.npmjs.org/@noble/secp256k1/-/secp256k1-1.7.1.tgz",
      "integrity": "sha512-hOUk6AyBFmqVrv7k5WAw/LpszxVbj9gGN4JRkIX52fdFAj1UA61KXmZDvqVEm+pOyec3+fIeZB02LYa/pWOArw==",
      "funding": [
        {
          "type": "individual",
          "url": "https://paulmillr.com/funding/"
        }
      ],
      "license": "MIT"
    },
    "node_modules/@scure/base": {
      "version": "1.1.9",
      "resolved": "https://registry.npmjs.org/@scure/base/-/base-1.1.9.tgz",
      "integrity": "sha512-8YKhl8GHiNI/pU2VMaofa2Tor7PJRAjwQLBBuilkJ9L5+13yVbC7JO/wS7piioAvPSwR3JKM1IJ/u4xQzbcXKg==",
      "license": "MIT",
      "funding": {
        "url": "https://paulmillr.com/funding/"
      }
    },
    "node_modules/aes-js": {
      "version": "4.0.0-beta.5",
      "resolved": "https://registry.npmjs.org/aes-js/-/aes-js-4.0.0-beta.5.tgz",
      "integrity": "sha512-G965FqalsNyrPqgEGON7nIx1e/OVENSgiEIzyC63haUMuvNnwIgIjMs52hlTCKhkBny7A2ORNlfY9Zu+jmGk1Q==",
      "license": "MIT"
    },
    "node_modules/dotenv": {
      "version": "16.4.5",
      "resolved": "https://registry.npmjs.org/dotenv/-/dotenv-16.4.5.tgz",
      "integrity": "sha512-ZmdL2rui+eB2YwhsWzjInR8LldtZHGDoQ1ugH85ppHKwpUHL7j7rN0Ti9NCnGiQbhaZ11FpR+7ao1dNsmduNUg==",
      "license": "BSD-2-Clause",
      "engines": {
        "node": ">=12"
      },
      "funding": {
        "url": "https://dotenvx.com"
      }
    },
    "node_modules/google-protobuf": {
      "version": "3.21.4",
      "resolved": "https://registry.npmjs.org/google-protobuf/-/google-protobuf-3.21.4.tgz",
      "integrity": "sha512-MnG7N936zcKTco4Jd2PX2U96Kf9PxygAPKBug+74LHzmHXmceN16MmRcdgZv+DGef/S9YvQAfRsNCn4cjf9yyQ==",
      "license": "(BSD-3-Clause AND Apache-2.0)"
    },
    "node_modules/quais": {
      "version": "1.0.0-alpha.17",
      "resolved": "https://registry.npmjs.org/quais/-/quais-1.0.0-alpha.17.tgz",
      "integrity": "sha512-CU/mUcGflrf43UvK/9qz4mD4cD/WLOI0sczGiD3F2wL+GRWePM/8+slVcEsyMjcSprbZh6Aru35zZhGx4uzNfA==",
      "license": "MIT",
      "dependencies": {
        "@bitcoinerlab/secp256k1": "^1.1.1",
        "@brandonblack/musig": "^0.0.1-alpha.1",
        "@noble/curves": "1.2.0",
        "@noble/hashes": "1.3.2",
        "@scure/base": "^1.1.9",
        "aes-js": "4.0.0-beta.5",
        "dotenv": "^16.4.1",
        "google-protobuf": "^3.21.4",
        "tslib": "^2.6.2",
        "ws": "^8.17.1"
      },
      "engines": {
        "node": ">=17.0.0"
      }
    },
    "node_modules/tslib": {
      "version": "2.8.0",
      "resolved": "https://registry.npmjs.org/tslib/-/tslib-2.8.0.tgz",
      "integrity": "sha512-jWVzBLplnCmoaTr13V9dYbiQ99wvZRd0vNWaDRg+aVYRcjDF3nDksxFDE/+fkXnKhpnUUkmx5pK/v8mCtLVqZA==",
      "license": "0BSD"
    },
    "node_modules/ws": {
      "version": "8.18.0",
      "resolved": "https://registry.npmjs.org/ws/-/ws-8.18.0.tgz",
      "integrity": "sha512-8VbfWfHLbbwu3+N6OKsOMpBdT4kXPDDB9cJk2bJ6mh9ucxdlnNvH1e+roYkKmN9Nxw2yjz7VzeO9oOz2zJ04Pw==",
      "license": "MIT",
      "engines": {
        "node": ">=10.0.0"
      },
      "peerDependencies": {
        "bufferutil": "^4.0.1",
        "utf-8-validate": ">=5.0.2"
      },
      "peerDependenciesMeta": {
        "bufferutil": {
          "optional": true
        },
        "utf-8-validate": {
          "optional": true
        }
      }
    }
  }
}
